
Microsoft Visual Studio Solution File, Format Version 12.00
# Visual Studio 15
VisualStudioVersion = 15.0.26730.12
MinimumVisualStudioVersion = 10.0.40219.1
Project("{8BC9CEB8-8B4A-11D0-8D11-00A0C91BC942}") = "Match", "Pipei\Pipei.vcxproj", "{44251195-AD26-4CF5-A421-CC4C23A9D2CF}"
EndProject
Global
	GlobalSection(Performance) = preSolution
		HasPerformanceSessions = true
	EndGlobalSection
	GlobalSection(SolutionConfigurationPlatforms) = preSolution
		Debug|x64 = Debug|x64
		Debug|x86 = Debug|x86
		Release|x64 = Release|x64
		Release|x86 = Release|x86
	EndGlobalSection
	GlobalSection(ProjectConfigurationPlatforms) = postSolution
		{44251195-AD26-4CF5-A421-CC4C23A9D2CF}.Debug|x64.ActiveCfg = Debug|x64
		{44251195-AD26-4CF5-A421-CC4C23A9D2CF}.Debug|x64.Build.0 = Debug|x64
		{44251195-AD26-4CF5-A421-CC4C23A9D2CF}.Debug|x86.ActiveCfg = Debug|Win32
		{44251195-AD26-4CF5-A421-CC4C23A9D2CF}.Debug|x86.Build.0 = Debug|Win32
		{44251195-AD26-4CF5-A421-CC4C23A9D2CF}.Release|x64.ActiveCfg = Release|x64
		{44251195-AD26-4CF5-A421-CC4C23A9D2CF}.Release|x64.Build.0 = Release|x64
		{44251195-AD26-4CF5-A421-CC4C23A9D2CF}.Release|x86.ActiveCfg = Release|Win32
		{44251195-AD26-4CF5-A421-CC4C23A9D2CF}.Release|x86.Build.0 = Release|Win32
	EndGlobalSection
	GlobalSection(SolutionProperties) = preSolution
		HideSolutionNode = FALSE
	EndGlobalSection
	GlobalSection(ExtensibilityGlobals) = postSolution
		SolutionGuid = {A3FF16D0-F8FF-4C2B-9550-BF6ECF075BE4}
	EndGlobalSection
EndGlobal
